
Microsoft Visual Studio Solution File, Format Version 12.00
# Visual Studio Version 17
VisualStudioVersion = 17.13.35919.96 d17.13
MinimumVisualStudioVersion = 10.0.40219.1
Project("{FAE04EC0-301F-11D3-BF4B-00C04F79EFBC}") = "facturacion2", "facturacion2.csproj", "{BAF4EA48-0878-41AF-BAAA-ED86628803FD}"
EndProject
Global
	GlobalSection(SolutionConfigurationPlatforms) = preSolution
		Debug|Any CPU = Debug|Any CPU
		Release|Any CPU = Release|Any CPU
	EndGlobalSection
	GlobalSection(ProjectConfigurationPlatforms) = postSolution
		{BAF4EA48-0878-41AF-BAAA-ED86628803FD}.Debug|Any CPU.ActiveCfg = Debug|Any CPU
		{BAF4EA48-0878-41AF-BAAA-ED86628803FD}.Debug|Any CPU.Build.0 = Debug|Any CPU
		{BAF4EA48-0878-41AF-BAAA-ED86628803FD}.Release|Any CPU.ActiveCfg = Release|Any CPU
		{BAF4EA48-0878-41AF-BAAA-ED86628803FD}.Release|Any CPU.Build.0 = Release|Any CPU
	EndGlobalSection
	GlobalSection(SolutionProperties) = preSolution
		HideSolutionNode = FALSE
	EndGlobalSection
	GlobalSection(ExtensibilityGlobals) = postSolution
		SolutionGuid = {181FC2AC-902E-4917-86D1-E4A53B56B572}
	EndGlobalSection
EndGlobal
